// !$*UTF8*$!
{
	archiveVersion = 1;
	classes = {
	};
	objectVersion = 50;
	objects = {

/* Begin PBXBuildFile section */
		911F703C20F8D31A0023FF5D /* AppDelegate.swift in Sources */ = {isa = PBXBuildFile; fileRef = 911F703B20F8D31A0023FF5D /* AppDelegate.swift */; };
		911F704120F8D31A0023FF5D /* Main.storyboard in Resources */ = {isa = PBXBuildFile; fileRef = 911F703F20F8D31A0023FF5D /* Main.storyboard */; };
		911F704320F8D3200023FF5D /* Assets.xcassets in Resources */ = {isa = PBXBuildFile; fileRef = 911F704220F8D3200023FF5D /* Assets.xcassets */; };
		911F704620F8D3200023FF5D /* LaunchScreen.storyboard in Resources */ = {isa = PBXBuildFile; fileRef = 911F704420F8D3200023FF5D /* LaunchScreen.storyboard */; };
		911F704E20F8D9100023FF5D /* PlanetView.swift in Sources */ = {isa = PBXBuildFile; fileRef = 911F704D20F8D9100023FF5D /* PlanetView.swift */; };
		911F705020F8F0910023FF5D /* TickerView.swift in Sources */ = {isa = PBXBuildFile; fileRef = 911F704F20F8F0910023FF5D /* TickerView.swift */; };
		911F705220F8FB080023FF5D /* ScaleView.swift in Sources */ = {isa = PBXBuildFile; fileRef = 911F705120F8FB080023FF5D /* ScaleView.swift */; };
		911F705420FC7D640023FF5D /* CarRacingView.swift in Sources */ = {isa = PBXBuildFile; fileRef = 911F705320FC7D640023FF5D /* CarRacingView.swift */; };
		911F705620FC95E20023FF5D /* JalousieView.swift in Sources */ = {isa = PBXBuildFile; fileRef = 911F705520FC95E20023FF5D /* JalousieView.swift */; };
		911F705820FC96C20023FF5D /* JalousieViewController.swift in Sources */ = {isa = PBXBuildFile; fileRef = 911F705720FC96C20023FF5D /* JalousieViewController.swift */; };
		91F9F61E20FE10060051A8D8 /* CubeViewController.swift in Sources */ = {isa = PBXBuildFile; fileRef = 91F9F61D20FE10060051A8D8 /* CubeViewController.swift */; };
/* End PBXBuildFile section */

/* Begin PBXFileReference section */
		911F703820F8D31A0023FF5D /* Animation.app */ = {isa = PBXFileReference; explicitFileType = wrapper.application; includeInIndex = 0; path = Animation.app; sourceTree = BUILT_PRODUCTS_DIR; };
		911F703B20F8D31A0023FF5D /* AppDelegate.swift */ = {isa = PBXFileReference; lastKnownFileType = sourcecode.swift; path = AppDelegate.swift; sourceTree = "<group>"; };
		911F704020F8D31A0023FF5D /* Base */ = {isa = PBXFileReference; lastKnownFileType = file.storyboard; name = Base; path = Base.lproj/Main.storyboard; sourceTree = "<group>"; };
		911F704220F8D3200023FF5D /* Assets.xcassets */ = {isa = PBXFileReference; lastKnownFileType = folder.assetcatalog; path = Assets.xcassets; sourceTree = "<group>"; };
		911F704520F8D3200023FF5D /* Base */ = {isa = PBXFileReference; lastKnownFileType = file.storyboard; name = Base; path = Base.lproj/LaunchScreen.storyboard; sourceTree = "<group>"; };
		911F704720F8D3200023FF5D /* Info.plist */ = {isa = PBXFileReference; lastKnownFileType = text.plist.xml; path = Info.plist; sourceTree = "<group>"; };
		911F704D20F8D9100023FF5D /* PlanetView.swift */ = {isa = PBXFileReference; lastKnownFileType = sourcecode.swift; path = PlanetView.swift; sourceTree = "<group>"; };
		911F704F20F8F0910023FF5D /* TickerView.swift */ = {isa = PBXFileReference; lastKnownFileType = sourcecode.swift; path = TickerView.swift; sourceTree = "<group>"; };
		911F705120F8FB080023FF5D /* ScaleView.swift */ = {isa = PBXFileReference; lastKnownFileType = sourcecode.swift; path = ScaleView.swift; sourceTree = "<group>"; };
		911F705320FC7D640023FF5D /* CarRacingView.swift */ = {isa = PBXFileReference; lastKnownFileType = sourcecode.swift; path = CarRacingView.swift; sourceTree = "<group>"; };
		911F705520FC95E20023FF5D /* JalousieView.swift */ = {isa = PBXFileReference; lastKnownFileType = sourcecode.swift; path = JalousieView.swift; sourceTree = "<group>"; };
		911F705720FC96C20023FF5D /* JalousieViewController.swift */ = {isa = PBXFileReference; lastKnownFileType = sourcecode.swift; path = JalousieViewController.swift; sourceTree = "<group>"; };
		91F9F61D20FE10060051A8D8 /* CubeViewController.swift */ = {isa = PBXFileReference; lastKnownFileType = sourcecode.swift; path = CubeViewController.swift; sourceTree = "<group>"; };
/* End PBXFileReference section */

/* Begin PBXFrameworksBuildPhase section */
		911F703520F8D31A0023FF5D /* Frameworks */ = {
			isa = PBXFrameworksBuildPhase;
			buildActionMask = 2147483647;
			files = (
			);
			runOnlyForDeploymentPostprocessing = 0;
		};
/* End PBXFrameworksBuildPhase section */

/* Begin PBXGroup section */
		911F702F20F8D31A0023FF5D = {
			isa = PBXGroup;
			children = (
				911F703A20F8D31A0023FF5D /* Animation */,
				911F703920F8D31A0023FF5D /* Products */,
			);
			sourceTree = "<group>";
		};
		911F703920F8D31A0023FF5D /* Products */ = {
			isa = PBXGroup;
			children = (
				911F703820F8D31A0023FF5D /* Animation.app */,
			);
			name = Products;
			sourceTree = "<group>";
		};
		911F703A20F8D31A0023FF5D /* Animation */ = {
			isa = PBXGroup;
			children = (
				911F703B20F8D31A0023FF5D /* AppDelegate.swift */,
				91F9F61F20FE25B20051A8D8 /* Controllers */,
				91F9F62020FE25C10051A8D8 /* Custom View */,
				911F703F20F8D31A0023FF5D /* Main.storyboard */,
				911F704220F8D3200023FF5D /* Assets.xcassets */,
				911F704420F8D3200023FF5D /* LaunchScreen.storyboard */,
				911F704720F8D3200023FF5D /* Info.plist */,
			);
			path = Animation;
			sourceTree = "<group>";
		};
		91F9F61F20FE25B20051A8D8 /* Controllers */ = {
			isa = PBXGroup;
			children = (
				911F705720FC96C20023FF5D /* JalousieViewController.swift */,
				91F9F61D20FE10060051A8D8 /* CubeViewController.swift */,
			);
			path = Controllers;
			sourceTree = "<group>";
		};
		91F9F62020FE25C10051A8D8 /* Custom View */ = {
			isa = PBXGroup;
			children = (
				911F704D20F8D9100023FF5D /* PlanetView.swift */,
				911F704F20F8F0910023FF5D /* TickerView.swift */,
				911F705120F8FB080023FF5D /* ScaleView.swift */,
				911F705320FC7D640023FF5D /* CarRacingView.swift */,
				911F705520FC95E20023FF5D /* JalousieView.swift */,
			);
			path = "Custom View";
			sourceTree = "<group>";
		};
/* End PBXGroup section */

/* Begin PBXNativeTarget section */
		911F703720F8D31A0023FF5D /* Animation */ = {
			isa = PBXNativeTarget;
			buildConfigurationList = 911F704A20F8D3200023FF5D /* Build configuration list for PBXNativeTarget "Animation" */;
			buildPhases = (
				911F703420F8D31A0023FF5D /* Sources */,
				911F703520F8D31A0023FF5D /* Frameworks */,
				911F703620F8D31A0023FF5D /* Resources */,
			);
			buildRules = (
			);
			dependencies = (
			);
			name = Animation;
			productName = Animation;
			productReference = 911F703820F8D31A0023FF5D /* Animation.app */;
			productType = "com.apple.product-type.application";
		};
/* End PBXNativeTarget section */

/* Begin PBXProject section */
		911F703020F8D31A0023FF5D /* Project object */ = {
			isa = PBXProject;
			attributes = {
				LastSwiftUpdateCheck = 0940;
				LastUpgradeCheck = 0940;
				ORGANIZATIONNAME = "Nikolay Sereda";
				TargetAttributes = {
					911F703720F8D31A0023FF5D = {
						CreatedOnToolsVersion = 9.4;
					};
				};
			};
			buildConfigurationList = 911F703320F8D31A0023FF5D /* Build configuration list for PBXProject "Animation" */;
			compatibilityVersion = "Xcode 9.3";
			developmentRegion = en;
			hasScannedForEncodings = 0;
			knownRegions = (
				en,
				Base,
			);
			mainGroup = 911F702F20F8D31A0023FF5D;
			productRefGroup = 911F703920F8D31A0023FF5D /* Products */;
			projectDirPath = "";
			projectRoot = "";
			targets = (
				911F703720F8D31A0023FF5D /* Animation */,
			);
		};
/* End PBXProject section */

/* Begin PBXResourcesBuildPhase section */
		911F703620F8D31A0023FF5D /* Resources */ = {
			isa = PBXResourcesBuildPhase;
			buildActionMask = 2147483647;
			files = (
				911F704620F8D3200023FF5D /* LaunchScreen.storyboard in Resources */,
				911F704320F8D3200023FF5D /* Assets.xcassets in Resources */,
				911F704120F8D31A0023FF5D /* Main.storyboard in Resources */,
			);
			runOnlyForDeploymentPostprocessing = 0;
		};
/* End PBXResourcesBuildPhase section */

/* Begin PBXSourcesBuildPhase section */
		911F703420F8D31A0023FF5D /* Sources */ = {
			isa = PBXSourcesBuildPhase;
			buildActionMask = 2147483647;
			files = (
				911F705420FC7D640023FF5D /* CarRacingView.swift in Sources */,
				911F705020F8F0910023FF5D /* TickerView.swift in Sources */,
				91F9F61E20FE10060051A8D8 /* CubeViewController.swift in Sources */,
				911F705220F8FB080023FF5D /* ScaleView.swift in Sources */,
				911F703C20F8D31A0023FF5D /* AppDelegate.swift in Sources */,
				911F705820FC96C20023FF5D /* JalousieViewController.swift in Sources */,
				911F705620FC95E20023FF5D /* JalousieView.swift in Sources */,
				911F704E20F8D9100023FF5D /* PlanetView.swift in Sources */,
			);
			runOnlyForDeploymentPostprocessing = 0;
		};
/* End PBXSourcesBuildPhase section */

/* Begin PBXVariantGroup section */
		911F703F20F8D31A0023FF5D /* Main.storyboard */ = {
			isa = PBXVariantGroup;
			children = (
				911F704020F8D31A0023FF5D /* Base */,
			);
			name = Main.storyboard;
			sourceTree = "<group>";
		};
		911F704420F8D3200023FF5D /* LaunchScreen.storyboard */ = {
			isa = PBXVariantGroup;
			children = (
				911F704520F8D3200023FF5D /* Base */,
			);
			name = LaunchScreen.storyboard;
			sourceTree = "<group>";
		};
/* End PBXVariantGroup section */

/* Begin XCBuildConfiguration section */
		911F704820F8D3200023FF5D /* Debug */ = {
			isa = XCBuildConfiguration;
			buildSettings = {
				ALWAYS_SEARCH_USER_PATHS = NO;
				CLANG_ANALYZER_NONNULL = YES;
				CLANG_ANALYZER_NUMBER_OBJECT_CONVERSION = YES_AGGRESSIVE;
				CLANG_CXX_LANGUAGE_STANDARD = "gnu++14";
				CLANG_CXX_LIBRARY = "libc++";
				CLANG_ENABLE_MODULES = YES;
				CLANG_ENABLE_OBJC_ARC = YES;
				CLANG_ENABLE_OBJC_WEAK = YES;
				CLANG_WARN_BLOCK_CAPTURE_AUTORELEASING = YES;
				CLANG_WARN_BOOL_CONVERSION = YES;
				CLANG_WARN_COMMA = YES;
				CLANG_WARN_CONSTANT_CONVERSION = YES;
				CLANG_WARN_DEPRECATED_OBJC_IMPLEMENTATIONS = YES;
				CLANG_WARN_DIRECT_OBJC_ISA_USAGE = YES_ERROR;
				CLANG_WARN_DOCUMENTATION_COMMENTS = YES;
				CLANG_WARN_EMPTY_BODY = YES;
				CLANG_WARN_ENUM_CONVERSION = YES;
				CLANG_WARN_INFINITE_RECURSION = YES;
				CLANG_WARN_INT_CONVERSION = YES;
				CLANG_WARN_NON_LITERAL_NULL_CONVERSION = YES;
				CLANG_WARN_OBJC_IMPLICIT_RETAIN_SELF = YES;
				CLANG_WARN_OBJC_LITERAL_CONVERSION = YES;
				CLANG_WARN_OBJC_ROOT_CLASS = YES_ERROR;
				CLANG_WARN_RANGE_LOOP_ANALYSIS = YES;
				CLANG_WARN_STRICT_PROTOTYPES = YES;
				CLANG_WARN_SUSPICIOUS_MOVE = YES;
				CLANG_WARN_UNGUARDED_AVAILABILITY = YES_AGGRESSIVE;
				CLANG_WARN_UNREACHABLE_CODE = YES;
				CLANG_WARN__DUPLICATE_METHOD_MATCH = YES;
				CODE_SIGN_IDENTITY = "iPhone Developer";
				COPY_PHASE_STRIP = NO;
				DEBUG_INFORMATION_FORMAT = dwarf;
				ENABLE_STRICT_OBJC_MSGSEND = YES;
				ENABLE_TESTABILITY = YES;
				GCC_C_LANGUAGE_STANDARD = gnu11;
				GCC_DYNAMIC_NO_PIC = NO;
				GCC_NO_COMMON_BLOCKS = YES;
				GCC_OPTIMIZATION_LEVEL = 0;
				GCC_PREPROCESSOR_DEFINITIONS = (
					"DEBUG=1",
					"$(inherited)",
				);
				GCC_WARN_64_TO_32_BIT_CONVERSION = YES;
				GCC_WARN_ABOUT_RETURN_TYPE = YES_ERROR;
				GCC_WARN_UNDECLARED_SELECTOR = YES;
				GCC_WARN_UNINITIALIZED_AUTOS = YES_AGGRESSIVE;
				GCC_WARN_UNUSED_FUNCTION = YES;
				GCC_WARN_UNUSED_VARIABLE = YES;
				IPHONEOS_DEPLOYMENT_TARGET = 11.4;
				MTL_ENABLE_DEBUG_INFO = YES;
				ONLY_ACTIVE_ARCH = YES;
				SDKROOT = iphoneos;
				SWIFT_ACTIVE_COMPILATION_CONDITIONS = DEBUG;
				SWIFT_OPTIMIZATION_LEVEL = "-Onone";
			};
			name = Debug;
		};
		911F704920F8D3200023FF5D /* Release */ = {
			isa = XCBuildConfiguration;
			buildSettings = {
				ALWAYS_SEARCH_USER_PATHS = NO;
				CLANG_ANALYZER_NONNULL = YES;
				CLANG_ANALYZER_NUMBER_OBJECT_CONVERSION = YES_AGGRESSIVE;
				CLANG_CXX_LANGUAGE_STANDARD = "gnu++14";
				CLANG_CXX_LIBRARY = "libc++";
				CLANG_ENABLE_MODULES = YES;
				CLANG_ENABLE_OBJC_ARC = YES;
				CLANG_ENABLE_OBJC_WEAK = YES;
				CLANG_WARN_BLOCK_CAPTURE_AUTORELEASING = YES;
				CLANG_WARN_BOOL_CONVERSION = YES;
				CLANG_WARN_COMMA = YES;
				CLANG_WARN_CONSTANT_CONVERSION = YES;
				CLANG_WARN_DEPRECATED_OBJC_IMPLEMENTATIONS = YES;
				CLANG_WARN_DIRECT_OBJC_ISA_USAGE = YES_ERROR;
				CLANG_WARN_DOCUMENTATION_COMMENTS = YES;
				CLANG_WARN_EMPTY_BODY = YES;
				CLANG_WARN_ENUM_CONVERSION = YES;
				CLANG_WARN_INFINITE_RECURSION = YES;
				CLANG_WARN_INT_CONVERSION = YES;
				CLANG_WARN_NON_LITERAL_NULL_CONVERSION = YES;
				CLANG_WARN_OBJC_IMPLICIT_RETAIN_SELF = YES;
				CLANG_WARN_OBJC_LITERAL_CONVERSION = YES;
				CLANG_WARN_OBJC_ROOT_CLASS = YES_ERROR;
				CLANG_WARN_RANGE_LOOP_ANALYSIS = YES;
				CLANG_WARN_STRICT_PROTOTYPES = YES;
				CLANG_WARN_SUSPICIOUS_MOVE = YES;
				CLANG_WARN_UNGUARDED_AVAILABILITY = YES_AGGRESSIVE;
				CLANG_WARN_UNREACHABLE_CODE = YES;
				CLANG_WARN__DUPLICATE_METHOD_MATCH = YES;
				CODE_SIGN_IDENTITY = "iPhone Developer";
				COPY_PHASE_STRIP = NO;
				DEBUG_INFORMATION_FORMAT = "dwarf-with-dsym";
				ENABLE_NS_ASSERTIONS = NO;
				ENABLE_STRICT_OBJC_MSGSEND = YES;
				GCC_C_LANGUAGE_STANDARD = gnu11;
				GCC_NO_COMMON_BLOCKS = YES;
				GCC_WARN_64_TO_32_BIT_CONVERSION = YES;
				GCC_WARN_ABOUT_RETURN_TYPE = YES_ERROR;
				GCC_WARN_UNDECLARED_SELECTOR = YES;
				GCC_WARN_UNINITIALIZED_AUTOS = YES_AGGRESSIVE;
				GCC_WARN_UNUSED_FUNCTION = YES;
				GCC_WARN_UNUSED_VARIABLE = YES;
				IPHONEOS_DEPLOYMENT_TARGET = 11.4;
				MTL_ENABLE_DEBUG_INFO = NO;
				SDKROOT = iphoneos;
				SWIFT_COMPILATION_MODE = wholemodule;
				SWIFT_OPTIMIZATION_LEVEL = "-O";
				VALIDATE_PRODUCT = YES;
			};
			name = Release;
		};
		911F704B20F8D3200023FF5D /* Debug */ = {
			isa = XCBuildConfiguration;
			buildSettings = {
				ASSETCATALOG_COMPILER_APPICON_NAME = AppIcon;
				CODE_SIGN_STYLE = Automatic;
				INFOPLIST_FILE = Animation/Info.plist;
				LD_RUNPATH_SEARCH_PATHS = (
					"$(inherited)",
					"@executable_path/Frameworks",
				);
				PRODUCT_BUNDLE_IDENTIFIER = by.intervale.Animation;
				PRODUCT_NAME = "$(TARGET_NAME)";
				SWIFT_VERSION = 4.0;
				TARGETED_DEVICE_FAMILY = "1,2";
			};
			name = Debug;
		};
		911F704C20F8D3200023FF5D /* Release */ = {
			isa = XCBuildConfiguration;
			buildSettings = {
				ASSETCATALOG_COMPILER_APPICON_NAME = AppIcon;
				CODE_SIGN_STYLE = Automatic;
				INFOPLIST_FILE = Animation/Info.plist;
				LD_RUNPATH_SEARCH_PATHS = (
					"$(inherited)",
					"@executable_path/Frameworks",
				);
				PRODUCT_BUNDLE_IDENTIFIER = by.intervale.Animation;
				PRODUCT_NAME = "$(TARGET_NAME)";
				SWIFT_VERSION = 4.0;
				TARGETED_DEVICE_FAMILY = "1,2";
			};
			name = Release;
		};
/* End XCBuildConfiguration section */

/* Begin XCConfigurationList section */
		911F703320F8D31A0023FF5D /* Build configuration list for PBXProject "Animation" */ = {
			isa = XCConfigurationList;
			buildConfigurations = (
				911F704820F8D3200023FF5D /* Debug */,
				911F704920F8D3200023FF5D /* Release */,
			);
			defaultConfigurationIsVisible = 0;
			defaultConfigurationName = Release;
		};
		911F704A20F8D3200023FF5D /* Build configuration list for PBXNativeTarget "Animation" */ = {
			isa = XCConfigurationList;
			buildConfigurations = (
				911F704B20F8D3200023FF5D /* Debug */,
				911F704C20F8D3200023FF5D /* Release */,
			);
			defaultConfigurationIsVisible = 0;
			defaultConfigurationName = Release;
		};
/* End XCConfigurationList section */
	};
	rootObject = 911F703020F8D31A0023FF5D /* Project object */;
}
